
Microsoft Visual Studio Solution File, Format Version 12.00
# Visual Studio Version 17
VisualStudioVersion = 17.11.35312.102
MinimumVisualStudioVersion = 10.0.40219.1
Project("{9A19103F-16F7-4668-BE54-9A1E7A4F7556}") = "Api", "Api\Api.csproj", "{BD9AD4F1-0FEF-4E94-B3C7-AC74C0D70EDD}"
EndProject
Project("{9A19103F-16F7-4668-BE54-9A1E7A4F7556}") = "Application", "Application\Application.csproj", "{0708AEF4-ACC6-4161-9194-BB0D81F3C55B}"
EndProject
Project("{9A19103F-16F7-4668-BE54-9A1E7A4F7556}") = "Domain", "Domain\Domain.csproj", "{1A004EA0-ECAC-49E0-B390-3D38CF88F2B5}"
EndProject
Project("{9A19103F-16F7-4668-BE54-9A1E7A4F7556}") = "Infrastructure", "Infrastructure\Infrastructure.csproj", "{9BBE5FC4-1B3F-4C92-9D97-8C5B1BE42C1C}"
EndProject
Project("{9A19103F-16F7-4668-BE54-9A1E7A4F7556}") = "Shared", "Shared\Shared.csproj", "{17DF91ED-03F7-4343-9066-F8632751DF82}"
EndProject
Global
	GlobalSection(SolutionConfigurationPlatforms) = preSolution
		Debug|Any CPU = Debug|Any CPU
		Release|Any CPU = Release|Any CPU
	EndGlobalSection
	GlobalSection(ProjectConfigurationPlatforms) = postSolution
		{BD9AD4F1-0FEF-4E94-B3C7-AC74C0D70EDD}.Debug|Any CPU.ActiveCfg = Debug|Any CPU
		{BD9AD4F1-0FEF-4E94-B3C7-AC74C0D70EDD}.Debug|Any CPU.Build.0 = Debug|Any CPU
		{BD9AD4F1-0FEF-4E94-B3C7-AC74C0D70EDD}.Release|Any CPU.ActiveCfg = Release|Any CPU
		{BD9AD4F1-0FEF-4E94-B3C7-AC74C0D70EDD}.Release|Any CPU.Build.0 = Release|Any CPU
		{0708AEF4-ACC6-4161-9194-BB0D81F3C55B}.Debug|Any CPU.ActiveCfg = Debug|Any CPU
		{0708AEF4-ACC6-4161-9194-BB0D81F3C55B}.Debug|Any CPU.Build.0 = Debug|Any CPU
		{0708AEF4-ACC6-4161-9194-BB0D81F3C55B}.Release|Any CPU.ActiveCfg = Release|Any CPU
		{0708AEF4-ACC6-4161-9194-BB0D81F3C55B}.Release|Any CPU.Build.0 = Release|Any CPU
		{1A004EA0-ECAC-49E0-B390-3D38CF88F2B5}.Debug|Any CPU.ActiveCfg = Debug|Any CPU
		{1A004EA0-ECAC-49E0-B390-3D38CF88F2B5}.Debug|Any CPU.Build.0 = Debug|Any CPU
		{1A004EA0-ECAC-49E0-B390-3D38CF88F2B5}.Release|Any CPU.ActiveCfg = Release|Any CPU
		{1A004EA0-ECAC-49E0-B390-3D38CF88F2B5}.Release|Any CPU.Build.0 = Release|Any CPU
		{9BBE5FC4-1B3F-4C92-9D97-8C5B1BE42C1C}.Debug|Any CPU.ActiveCfg = Debug|Any CPU
		{9BBE5FC4-1B3F-4C92-9D97-8C5B1BE42C1C}.Debug|Any CPU.Build.0 = Debug|Any CPU
		{9BBE5FC4-1B3F-4C92-9D97-8C5B1BE42C1C}.Release|Any CPU.ActiveCfg = Release|Any CPU
		{9BBE5FC4-1B3F-4C92-9D97-8C5B1BE42C1C}.Release|Any CPU.Build.0 = Release|Any CPU
		{17DF91ED-03F7-4343-9066-F8632751DF82}.Debug|Any CPU.ActiveCfg = Debug|Any CPU
		{17DF91ED-03F7-4343-9066-F8632751DF82}.Debug|Any CPU.Build.0 = Debug|Any CPU
		{17DF91ED-03F7-4343-9066-F8632751DF82}.Release|Any CPU.ActiveCfg = Release|Any CPU
		{17DF91ED-03F7-4343-9066-F8632751DF82}.Release|Any CPU.Build.0 = Release|Any CPU
	EndGlobalSection
	GlobalSection(SolutionProperties) = preSolution
		HideSolutionNode = FALSE
	EndGlobalSection
	GlobalSection(ExtensibilityGlobals) = postSolution
		SolutionGuid = {845FA41A-FC60-4E48-AD98-C148329767A0}
	EndGlobalSection
EndGlobal
